github.com/AlanTanner/pdfjs-hugo-module v0.0.0-20230225042301-9aebba4bfd14 h1:pKLP4pAFi3OEYoAMKyYaDxJY0MxmsQ7KhH4WaE/ssPc=
github.com/AlanTanner/pdfjs-hugo-module v0.0.0-20230225042301-9aebba4bfd14/go.mod h1:rDKGlupurJcLDdZmbZKYq4SZabM9Q+68VLpzTk7vz/w=
github.com/nunocoracao/blowfish/v2 v2.65.0 h1:dILj1VfJvK7e40TYhi4KWXoiQFWl0h+PsAUuGtXJ3+g=
github.com/nunocoracao/blowfish/v2 v2.65.0/go.mod h1:4SkMc+Ht8gpQCwArqiHMBDP3soxi2OWuAhVney+cuyk=
